{
  "version": 4,
  "terraform_version": "0.15.5",
  "serial": 59,
  "lineage": "b9df38ec-3ddf-0df3-45ca-8042604b0833",
  "outputs": {},
  "resources": [
    {
      "module": "module.codeartifact",
      "mode": "managed",
      "type": "aws_codeartifact_domain",
      "name": "tomcat",
      "provider": "provider[\"registry.terraform.io/hashicorp/aws\"]",
      "instances": [
        {
          "schema_version": 0,
          "attributes": {
            "arn": "arn:aws:codeartifact:ap-south-1:848417356303:domain/tomcat",
            "asset_size_bytes": 375457317,
            "created_time": "2022-05-03T07:06:46Z",
            "domain": "tomcat",
            "encryption_key": "arn:aws:kms:ap-south-1:848417356303:key/d9bd7c5e-e93e-4ac9-a7fb-489fb9a89252",
            "id": "arn:aws:codeartifact:ap-south-1:848417356303:domain/tomcat",
            "owner": "848417356303",
            "repository_count": 2,
            "tags": {},
            "tags_all": {}
          },
          "sensitive_attributes": [],
          "private": "bnVsbA=="
        }
      ]
    },
    {
      "module": "module.codeartifact",
      "mode": "managed",
      "type": "aws_codeartifact_repository",
      "name": "tomcat",
      "provider": "provider[\"registry.terraform.io/hashicorp/aws\"]",
      "instances": [
        {
          "schema_version": 0,
          "attributes": {
            "administrator_account": "848417356303",
            "arn": "arn:aws:codeartifact:ap-south-1:848417356303:repository/tomcat/tomcat",
            "description": "",
            "domain": "tomcat",
            "domain_owner": "848417356303",
            "external_connections": [
              {
                "external_connection_name": "public:maven-central",
                "package_format": "maven",
                "status": "AVAILABLE"
              }
            ],
            "id": "arn:aws:codeartifact:ap-south-1:848417356303:repository/tomcat/tomcat",
            "repository": "tomcat",
            "tags": {},
            "tags_all": {},
            "upstream": []
          },
          "sensitive_attributes": [],
          "private": "bnVsbA==",
          "dependencies": [
            "module.codeartifact.aws_codeartifact_domain.tomcat"
          ]
        }
      ]
    },
    {
      "module": "module.codeartifact",
      "mode": "managed",
      "type": "aws_codeartifact_repository",
      "name": "upstream",
      "provider": "provider[\"registry.terraform.io/hashicorp/aws\"]",
      "instances": [
        {
          "schema_version": 0,
          "attributes": {
            "administrator_account": "848417356303",
            "arn": "arn:aws:codeartifact:ap-south-1:848417356303:repository/tomcat/upstream",
            "description": "",
            "domain": "tomcat",
            "domain_owner": "848417356303",
            "external_connections": [],
            "id": "arn:aws:codeartifact:ap-south-1:848417356303:repository/tomcat/upstream",
            "repository": "upstream",
            "tags": {},
            "tags_all": {},
            "upstream": []
          },
          "sensitive_attributes": [],
          "private": "bnVsbA==",
          "dependencies": [
            "module.codeartifact.aws_codeartifact_domain.tomcat"
          ]
        }
      ]
    },
    {
      "module": "module.codebuild",
      "mode": "managed",
      "type": "aws_cloudwatch_log_group",
      "name": "tomcatCodeBuild",
      "provider": "provider[\"registry.terraform.io/hashicorp/aws\"]",
      "instances": [
        {
          "schema_version": 0,
          "attributes": {
            "arn": "arn:aws:logs:ap-south-1:848417356303:log-group:tomcatCodeBuild",
            "id": "tomcatCodeBuild",
            "kms_key_id": "",
            "name": "tomcatCodeBuild",
            "name_prefix": null,
            "retention_in_days": 0,
            "tags": {},
            "tags_all": {}
          },
          "sensitive_attributes": [],
          "private": "bnVsbA=="
        }
      ]
    },
    {
      "module": "module.codebuild",
      "mode": "managed",
      "type": "aws_codebuild_project",
      "name": "tomcat",
      "provider": "provider[\"registry.terraform.io/hashicorp/aws\"]",
      "instances": [
        {
          "schema_version": 0,
          "attributes": {
            "arn": "arn:aws:codebuild:ap-south-1:848417356303:project/tomcat-build",
            "artifacts": [
              {
                "artifact_identifier": "",
                "bucket_owner_access": "",
                "encryption_disabled": false,
                "location": "",
                "name": "tomcat-build",
                "namespace_type": "",
                "override_artifact_name": false,
                "packaging": "NONE",
                "path": "",
                "type": "CODEPIPELINE"
              }
            ],
            "badge_enabled": false,
            "badge_url": "",
            "build_batch_config": [],
            "build_timeout": 60,
            "cache": [
              {
                "location": "",
                "modes": [],
                "type": "NO_CACHE"
              }
            ],
            "concurrent_build_limit": 0,
            "description": "",
            "encryption_key": "arn:aws:kms:ap-south-1:848417356303:alias/aws/s3",
            "environment": [
              {
                "certificate": "",
                "compute_type": "BUILD_GENERAL1_SMALL",
                "environment_variable": [],
                "image": "aws/codebuild/standard:3.0",
                "image_pull_credentials_type": "CODEBUILD",
                "privileged_mode": false,
                "registry_credential": [],
                "type": "LINUX_CONTAINER"
              }
            ],
            "file_system_locations": [],
            "id": "arn:aws:codebuild:ap-south-1:848417356303:project/tomcat-build",
            "logs_config": [
              {
                "cloudwatch_logs": [
                  {
                    "group_name": "tomcatCodeBuild",
                    "status": "ENABLED",
                    "stream_name": "tomcatCodeBuild"
                  }
                ],
                "s3_logs": [
                  {
                    "bucket_owner_access": "",
                    "encryption_disabled": false,
                    "location": "",
                    "status": "DISABLED"
                  }
                ]
              }
            ],
            "name": "tomcat-build",
            "project_visibility": "PRIVATE",
            "public_project_alias": "",
            "queued_timeout": 480,
            "resource_access_role": "",
            "secondary_artifacts": [],
            "secondary_source_version": [],
            "secondary_sources": [],
            "service_role": "arn:aws:iam::848417356303:role/codeBuildRole",
            "source": [
              {
                "auth": [],
                "build_status_config": [],
                "buildspec": "buildspec.yml",
                "git_clone_depth": 0,
                "git_submodules_config": [],
                "insecure_ssl": false,
                "location": "",
                "report_build_status": false,
                "type": "CODEPIPELINE"
              }
            ],
            "source_version": "master",
            "tags": {},
            "tags_all": {},
            "vpc_config": []
          },
          "sensitive_attributes": [],
          "private": "bnVsbA==",
          "dependencies": [
            "module.codebuild.aws_cloudwatch_log_group.tomcatCodeBuild",
            "module.codebuild.aws_iam_role.codeBuildRole"
          ]
        }
      ]
    },
    {
      "module": "module.codebuild",
      "mode": "managed",
      "type": "aws_iam_role",
      "name": "codeBuildRole",
      "provider": "provider[\"registry.terraform.io/hashicorp/aws\"]",
      "instances": [
        {
          "schema_version": 0,
          "attributes": {
            "arn": "arn:aws:iam::848417356303:role/codeBuildRole",
            "assume_role_policy": "{\"Version\":\"2012-10-17\",\"Statement\":[{\"Effect\":\"Allow\",\"Principal\":{\"Service\":\"codebuild.amazonaws.com\"},\"Action\":\"sts:AssumeRole\"}]}",
            "create_date": "2022-05-03T10:34:48Z",
            "description": "",
            "force_detach_policies": false,
            "id": "codeBuildRole",
            "inline_policy": [
              {
                "name": "codeBuildRolePolicy",
                "policy": "{\"Statement\":[{\"Action\":[\"codecommit:Get*\",\"ssm:GetParameterHistory\",\"codecommit:BatchGet*\",\"codecommit:GitPull\",\"ssm:GetParameters\",\"logs:CreateLogGroup\",\"logs:PutLogEvents\",\"ssm:GetParameter\",\"logs:CreateLogStream\",\"ec2:*\",\"ssm:GetParametersByPath\",\"codecommit:Describe*\",\"codecommit:BatchDescribe*\",\"codeartifact:AssociateExternalConnection\",\"codeartifact:CopyPackageVersions\",\"codeartifact:DeletePackageVersions\",\"codeartifact:DeleteRepository\",\"codeartifact:DeleteRepositoryPermissionsPolicy\",\"codeartifact:DescribePackageVersion\",\"codeartifact:DescribeRepository\",\"codeartifact:DisassociateExternalConnection\",\"codeartifact:DisposePackageVersions\",\"codeartifact:GetPackageVersionReadme\",\"codeartifact:GetRepositoryEndpoint\",\"codeartifact:ListPackageVersionAssets\",\"codeartifact:ListPackageVersionDependencies\",\"codeartifact:ListPackageVersions\",\"codeartifact:ListPackages\",\"codeartifact:PublishPackageVersion\",\"codeartifact:PutPackageMetadata\",\"codeartifact:PutRepositoryPermissionsPolicy\",\"codeartifact:ReadFromRepository\",\"codeartifact:UpdatePackageVersionsStatus\",\"codeartifact:UpdateRepository\",\"s3:*\"],\"Effect\":\"Allow\",\"Resource\":\"*\"}],\"Version\":\"2012-10-17\"}"
              }
            ],
            "managed_policy_arns": [],
            "max_session_duration": 3600,
            "name": "codeBuildRole",
            "name_prefix": "",
            "path": "/",
            "permissions_boundary": null,
            "tags": {},
            "tags_all": {},
            "unique_id": "AROA4LCM5PIHTWNZ4RLZW"
          },
          "sensitive_attributes": [],
          "private": "bnVsbA=="
        }
      ]
    },
    {
      "module": "module.codebuild",
      "mode": "managed",
      "type": "aws_iam_role_policy",
      "name": "codeBuildRolePolicy",
      "provider": "provider[\"registry.terraform.io/hashicorp/aws\"]",
      "instances": [
        {
          "schema_version": 0,
          "attributes": {
            "id": "codeBuildRole:codeBuildRolePolicy",
            "name": "codeBuildRolePolicy",
            "name_prefix": null,
            "policy": "{\"Statement\":[{\"Action\":[\"codecommit:Get*\",\"ssm:GetParameterHistory\",\"codecommit:BatchGet*\",\"codecommit:GitPull\",\"ssm:GetParameters\",\"logs:CreateLogGroup\",\"logs:PutLogEvents\",\"ssm:GetParameter\",\"logs:CreateLogStream\",\"ec2:*\",\"ssm:GetParametersByPath\",\"codecommit:Describe*\",\"codecommit:BatchDescribe*\",\"codeartifact:AssociateExternalConnection\",\"codeartifact:CopyPackageVersions\",\"codeartifact:DeletePackageVersions\",\"codeartifact:DeleteRepository\",\"codeartifact:DeleteRepositoryPermissionsPolicy\",\"codeartifact:DescribePackageVersion\",\"codeartifact:DescribeRepository\",\"codeartifact:DisassociateExternalConnection\",\"codeartifact:DisposePackageVersions\",\"codeartifact:GetPackageVersionReadme\",\"codeartifact:GetRepositoryEndpoint\",\"codeartifact:ListPackageVersionAssets\",\"codeartifact:ListPackageVersionDependencies\",\"codeartifact:ListPackageVersions\",\"codeartifact:ListPackages\",\"codeartifact:PublishPackageVersion\",\"codeartifact:PutPackageMetadata\",\"codeartifact:PutRepositoryPermissionsPolicy\",\"codeartifact:ReadFromRepository\",\"codeartifact:UpdatePackageVersionsStatus\",\"codeartifact:UpdateRepository\",\"s3:*\"],\"Effect\":\"Allow\",\"Resource\":\"*\"}],\"Version\":\"2012-10-17\"}",
            "role": "codeBuildRole"
          },
          "sensitive_attributes": [],
          "private": "bnVsbA==",
          "dependencies": [
            "module.codebuild.aws_iam_role.codeBuildRole"
          ]
        }
      ]
    },
    {
      "module": "module.codecommit",
      "mode": "managed",
      "type": "aws_codecommit_repository",
      "name": "tomcatRepo",
      "provider": "provider[\"registry.terraform.io/hashicorp/aws\"]",
      "instances": [
        {
          "schema_version": 0,
          "attributes": {
            "arn": "arn:aws:codecommit:ap-south-1:848417356303:tomcat",
            "clone_url_http": "https://git-codecommit.ap-south-1.amazonaws.com/v1/repos/tomcat",
            "clone_url_ssh": "ssh://git-codecommit.ap-south-1.amazonaws.com/v1/repos/tomcat",
            "default_branch": null,
            "description": "",
            "id": "tomcat",
            "repository_id": "d25ab1c7-400d-4ac1-b897-c12614cd953f",
            "repository_name": "tomcat",
            "tags": {},
            "tags_all": {}
          },
          "sensitive_attributes": [],
          "private": "bnVsbA=="
        }
      ]
    },
    {
      "module": "module.codepipeline",
      "mode": "managed",
      "type": "aws_cloudwatch_event_rule",
      "name": "pipeline_event_rule",
      "provider": "provider[\"registry.terraform.io/hashicorp/aws\"]",
      "instances": [
        {
          "schema_version": 0,
          "attributes": {
            "arn": "arn:aws:events:ap-south-1:848417356303:rule/tomcatApp",
            "description": "",
            "event_bus_name": "default",
            "event_pattern": "{\"detail\":{\"pipeline\":[\"tomcatapp\"],\"state\":[\"SUCCEEDED\",\"FAILED\"]},\"detail-type\":[\"CodePipeline Stage Execution State Change\"],\"source\":[\"aws.codepipeline\"]}",
            "id": "tomcatApp",
            "is_enabled": true,
            "name": "tomcatApp",
            "name_prefix": "",
            "role_arn": "",
            "schedule_expression": "",
            "tags": {},
            "tags_all": {}
          },
          "sensitive_attributes": [],
          "private": "bnVsbA==",
          "dependencies": [
            "module.codebuild.aws_iam_role.codeBuildRole",
            "module.codecommit.aws_codecommit_repository.tomcatRepo",
            "module.codepipeline.aws_codepipeline.tomcatapp",
            "module.codepipeline.aws_iam_role.pipelineRole",
            "module.codepipeline.aws_s3_bucket.tomcatArtifacts",
            "module.codepipeline.random_string.s3nameappend",
            "module.codebuild.aws_cloudwatch_log_group.tomcatCodeBuild",
            "module.codebuild.aws_codebuild_project.tomcat"
          ]
        }
      ]
    },
    {
      "module": "module.codepipeline",
      "mode": "managed",
      "type": "aws_cloudwatch_event_target",
      "name": "sns_event",
      "provider": "provider[\"registry.terraform.io/hashicorp/aws\"]",
      "instances": [
        {
          "schema_version": 1,
          "attributes": {
            "arn": "arn:aws:sns:ap-south-1:848417356303:tomcatPipeline",
            "batch_target": [],
            "dead_letter_config": [],
            "ecs_target": [],
            "event_bus_name": "default",
            "http_target": [],
            "id": "tomcatApp-SendToSNS",
            "input": "",
            "input_path": "",
            "input_transformer": [],
            "kinesis_target": [],
            "redshift_target": [],
            "retry_policy": [],
            "role_arn": "",
            "rule": "tomcatApp",
            "run_command_targets": [],
            "sqs_target": [],
            "target_id": "SendToSNS"
          },
          "sensitive_attributes": [],
          "private": "eyJzY2hlbWFfdmVyc2lvbiI6IjEifQ==",
          "dependencies": [
            "module.codepipeline.aws_s3_bucket.tomcatArtifacts",
            "module.codepipeline.aws_sns_topic.tomcatPipeline",
            "module.codebuild.aws_cloudwatch_log_group.tomcatCodeBuild",
            "module.codebuild.aws_iam_role.codeBuildRole",
            "module.codecommit.aws_codecommit_repository.tomcatRepo",
            "module.codepipeline.aws_iam_role.pipelineRole",
            "module.codebuild.aws_codebuild_project.tomcat",
            "module.codepipeline.aws_cloudwatch_event_rule.pipeline_event_rule",
            "module.codepipeline.aws_codepipeline.tomcatapp",
            "module.codepipeline.random_string.s3nameappend"
          ]
        }
      ]
    },
    {
      "module": "module.codepipeline",
      "mode": "managed",
      "type": "aws_codepipeline",
      "name": "tomcatapp",
      "provider": "provider[\"registry.terraform.io/hashicorp/aws\"]",
      "instances": [
        {
          "schema_version": 0,
          "attributes": {
            "arn": "arn:aws:codepipeline:ap-south-1:848417356303:tomcatapp",
            "artifact_store": [
              {
                "encryption_key": [],
                "location": "tomcat-iuykz7ut",
                "region": "",
                "type": "S3"
              }
            ],
            "id": "tomcatapp",
            "name": "tomcatapp",
            "role_arn": "arn:aws:iam::848417356303:role/pipelineRole",
            "stage": [
              {
                "action": [
                  {
                    "category": "Source",
                    "configuration": {
                      "BranchName": "master",
                      "RepositoryName": "tomcat"
                    },
                    "input_artifacts": [],
                    "name": "source",
                    "namespace": "",
                    "output_artifacts": [
                      "demo-tomcat-source"
                    ],
                    "owner": "AWS",
                    "provider": "CodeCommit",
                    "region": "",
                    "role_arn": "",
                    "run_order": 1,
                    "version": "1"
                  }
                ],
                "name": "source"
              },
              {
                "action": [
                  {
                    "category": "Build",
                    "configuration": {
                      "ProjectName": "tomcat-build"
                    },
                    "input_artifacts": [
                      "demo-tomcat-source"
                    ],
                    "name": "build",
                    "namespace": "",
                    "output_artifacts": [
                      "demo-tomcat-build"
                    ],
                    "owner": "AWS",
                    "provider": "CodeBuild",
                    "region": "",
                    "role_arn": "",
                    "run_order": 1,
                    "version": "1"
                  }
                ],
                "name": "build"
              },
              {
                "action": [
                  {
                    "category": "Deploy",
                    "configuration": {
                      "BucketName": "tomcat-iuykz7ut",
                      "Extract": "true"
                    },
                    "input_artifacts": [
                      "demo-tomcat-build"
                    ],
                    "name": "deploy",
                    "namespace": "",
                    "output_artifacts": [
                      "tomcat-iuykz7ut"
                    ],
                    "owner": "AWS",
                    "provider": "S3",
                    "region": "",
                    "role_arn": "",
                    "run_order": 0,
                    "version": "1"
                  }
                ],
                "name": "deploy"
              }
            ],
            "tags": {},
            "tags_all": {}
          },
          "sensitive_attributes": [],
          "private": "bnVsbA==",
          "dependencies": [
            "module.codebuild.aws_codebuild_project.tomcat",
            "module.codecommit.aws_codecommit_repository.tomcatRepo",
            "module.codepipeline.aws_iam_role.pipelineRole",
            "module.codepipeline.aws_s3_bucket.tomcatArtifacts"
          ]
        }
      ]
    },
    {
      "module": "module.codepipeline",
      "mode": "managed",
      "type": "aws_iam_role",
      "name": "pipelineRole",
      "provider": "provider[\"registry.terraform.io/hashicorp/aws\"]",
      "instances": [
        {
          "schema_version": 0,
          "attributes": {
            "arn": "arn:aws:iam::848417356303:role/pipelineRole",
            "assume_role_policy": "{\"Version\":\"2012-10-17\",\"Statement\":[{\"Effect\":\"Allow\",\"Principal\":{\"Service\":\"codepipeline.amazonaws.com\"},\"Action\":\"sts:AssumeRole\"}]}",
            "create_date": "2022-05-03T14:32:55Z",
            "description": "",
            "force_detach_policies": false,
            "id": "pipelineRole",
            "inline_policy": [
              {
                "name": "pipelineRole",
                "policy": "{\"Statement\":[{\"Action\":[\"codecommit:*\",\"codebuild:*\",\"codeartifact:*\",\"sns:*\"],\"Effect\":\"Allow\",\"Resource\":\"*\"},{\"Action\":[\"s3:*\"],\"Effect\":\"Allow\",\"Resource\":[\"arn:aws:s3:::tomcat-iuykz7ut\",\"arn:aws:s3:::tomcat-iuykz7ut/*\"]}],\"Version\":\"2012-10-17\"}"
              }
            ],
            "managed_policy_arns": [],
            "max_session_duration": 3600,
            "name": "pipelineRole",
            "name_prefix": "",
            "path": "/",
            "permissions_boundary": null,
            "tags": {},
            "tags_all": {},
            "unique_id": "AROA4LCM5PIHWUICUYKD7"
          },
          "sensitive_attributes": [],
          "private": "bnVsbA=="
        }
      ]
    },
    {
      "module": "module.codepipeline",
      "mode": "managed",
      "type": "aws_iam_role_policy",
      "name": "pipelineRole",
      "provider": "provider[\"registry.terraform.io/hashicorp/aws\"]",
      "instances": [
        {
          "schema_version": 0,
          "attributes": {
            "id": "pipelineRole:pipelineRole",
            "name": "pipelineRole",
            "name_prefix": null,
            "policy": "{\"Statement\":[{\"Action\":[\"codecommit:*\",\"codebuild:*\",\"codeartifact:*\",\"sns:*\"],\"Effect\":\"Allow\",\"Resource\":\"*\"},{\"Action\":[\"s3:*\"],\"Effect\":\"Allow\",\"Resource\":[\"arn:aws:s3:::tomcat-iuykz7ut\",\"arn:aws:s3:::tomcat-iuykz7ut/*\"]}],\"Version\":\"2012-10-17\"}",
            "role": "pipelineRole"
          },
          "sensitive_attributes": [],
          "private": "bnVsbA==",
          "dependencies": [
            "module.codepipeline.aws_iam_role.pipelineRole",
            "module.codepipeline.aws_s3_bucket.tomcatArtifacts",
            "module.codepipeline.random_string.s3nameappend"
          ]
        }
      ]
    },
    {
      "module": "module.codepipeline",
      "mode": "managed",
      "type": "aws_s3_bucket",
      "name": "tomcatArtifacts",
      "provider": "provider[\"registry.terraform.io/hashicorp/aws\"]",
      "instances": [
        {
          "schema_version": 0,
          "attributes": {
            "acceleration_status": "",
            "acl": null,
            "arn": "arn:aws:s3:::tomcat-iuykz7ut",
            "bucket": "tomcat-iuykz7ut",
            "bucket_domain_name": "tomcat-iuykz7ut.s3.amazonaws.com",
            "bucket_prefix": null,
            "bucket_regional_domain_name": "tomcat-iuykz7ut.s3.ap-south-1.amazonaws.com",
            "cors_rule": [],
            "force_destroy": false,
            "grant": [
              {
                "id": "df0806ff8b1f932fef52affb707b38e2bed2ab4d4f9fc01369361d4e93848de5",
                "permissions": [
                  "FULL_CONTROL"
                ],
                "type": "CanonicalUser",
                "uri": ""
              }
            ],
            "hosted_zone_id": "Z11RGJOFQNVJUP",
            "id": "tomcat-iuykz7ut",
            "lifecycle_rule": [],
            "logging": [],
            "object_lock_configuration": [],
            "object_lock_enabled": false,
            "policy": "",
            "region": "ap-south-1",
            "replication_configuration": [],
            "request_payer": "BucketOwner",
            "server_side_encryption_configuration": [],
            "tags": {},
            "tags_all": {},
            "versioning": [
              {
                "enabled": false,
                "mfa_delete": false
              }
            ],
            "website": [],
            "website_domain": null,
            "website_endpoint": null
          },
          "sensitive_attributes": [],
          "private": "bnVsbA==",
          "dependencies": [
            "module.codepipeline.random_string.s3nameappend"
          ]
        }
      ]
    },
    {
      "module": "module.codepipeline",
      "mode": "managed",
      "type": "aws_sns_topic",
      "name": "tomcatPipeline",
      "provider": "provider[\"registry.terraform.io/hashicorp/aws\"]",
      "instances": [
        {
          "schema_version": 0,
          "attributes": {
            "application_failure_feedback_role_arn": "",
            "application_success_feedback_role_arn": "",
            "application_success_feedback_sample_rate": 0,
            "arn": "arn:aws:sns:ap-south-1:848417356303:tomcatPipeline",
            "content_based_deduplication": false,
            "delivery_policy": "",
            "display_name": "",
            "fifo_topic": false,
            "firehose_failure_feedback_role_arn": "",
            "firehose_success_feedback_role_arn": "",
            "firehose_success_feedback_sample_rate": 0,
            "http_failure_feedback_role_arn": "",
            "http_success_feedback_role_arn": "",
            "http_success_feedback_sample_rate": 0,
            "id": "arn:aws:sns:ap-south-1:848417356303:tomcatPipeline",
            "kms_master_key_id": "",
            "lambda_failure_feedback_role_arn": "",
            "lambda_success_feedback_role_arn": "",
            "lambda_success_feedback_sample_rate": 0,
            "name": "tomcatPipeline",
            "name_prefix": "",
            "owner": "848417356303",
            "policy": "{\"Version\":\"2008-10-17\",\"Id\":\"__default_policy_ID\",\"Statement\":[{\"Sid\":\"__default_statement_ID\",\"Effect\":\"Allow\",\"Principal\":{\"AWS\":\"*\"},\"Action\":[\"SNS:GetTopicAttributes\",\"SNS:SetTopicAttributes\",\"SNS:AddPermission\",\"SNS:RemovePermission\",\"SNS:DeleteTopic\",\"SNS:Subscribe\",\"SNS:ListSubscriptionsByTopic\",\"SNS:Publish\"],\"Resource\":\"arn:aws:sns:ap-south-1:848417356303:tomcatPipeline\",\"Condition\":{\"StringEquals\":{\"AWS:SourceOwner\":\"848417356303\"}}}]}",
            "sqs_failure_feedback_role_arn": "",
            "sqs_success_feedback_role_arn": "",
            "sqs_success_feedback_sample_rate": 0,
            "tags": {},
            "tags_all": {}
          },
          "sensitive_attributes": [],
          "private": "bnVsbA=="
        }
      ]
    },
    {
      "module": "module.codepipeline",
      "mode": "managed",
      "type": "aws_sns_topic_subscription",
      "name": "emailOnPipelineStatusChange",
      "provider": "provider[\"registry.terraform.io/hashicorp/aws\"]",
      "instances": [
        {
          "schema_version": 0,
          "attributes": {
            "arn": "arn:aws:sns:ap-south-1:848417356303:tomcatPipeline:4322245d-dde1-4f3c-be4f-d65047657abd",
            "confirmation_timeout_in_minutes": 1,
            "confirmation_was_authenticated": false,
            "delivery_policy": "",
            "endpoint": "pragyabharti1312@gmail.com",
            "endpoint_auto_confirms": false,
            "filter_policy": "",
            "id": "arn:aws:sns:ap-south-1:848417356303:tomcatPipeline:4322245d-dde1-4f3c-be4f-d65047657abd",
            "owner_id": "848417356303",
            "pending_confirmation": true,
            "protocol": "email",
            "raw_message_delivery": false,
            "redrive_policy": "",
            "subscription_role_arn": "",
            "topic_arn": "arn:aws:sns:ap-south-1:848417356303:tomcatPipeline"
          },
          "sensitive_attributes": [],
          "private": "bnVsbA==",
          "dependencies": [
            "module.codepipeline.aws_sns_topic.tomcatPipeline"
          ]
        }
      ]
    },
    {
      "module": "module.codepipeline",
      "mode": "managed",
      "type": "random_string",
      "name": "s3nameappend",
      "provider": "provider[\"registry.terraform.io/hashicorp/random\"]",
      "instances": [
        {
          "schema_version": 1,
          "attributes": {
            "id": "iuykz7ut",
            "keepers": null,
            "length": 8,
            "lower": true,
            "min_lower": 0,
            "min_numeric": 0,
            "min_special": 0,
            "min_upper": 0,
            "number": true,
            "override_special": null,
            "result": "iuykz7ut",
            "special": false,
            "upper": false
          },
          "sensitive_attributes": [],
          "private": "eyJzY2hlbWFfdmVyc2lvbiI6IjEifQ=="
        }
      ]
    },
    {
      "module": "module.parameterstore",
      "mode": "managed",
      "type": "aws_ssm_parameter",
      "name": "CODEARTIFACT_AUTH_TOKEN",
      "provider": "provider[\"registry.terraform.io/hashicorp/aws\"]",
      "instances": [
        {
          "schema_version": 0,
          "attributes": {
            "allowed_pattern": "",
            "arn": "arn:aws:ssm:ap-south-1:848417356303:parameter/CODEARTIFACT_AUTH_TOKEN",
            "data_type": "text",
            "description": "",
            "id": "CODEARTIFACT_AUTH_TOKEN",
            "key_id": "alias/aws/ssm",
            "name": "CODEARTIFACT_AUTH_TOKEN",
            "overwrite": null,
            "tags": {},
            "tags_all": {},
            "tier": "Standard",
            "type": "SecureString",
            "value": "eyJ2ZXIiOjEsImlzdSI6MTY1MTU5MTc5OSwiZW5jIjoiQTEyOEdDTSIsInRhZyI6IlRBV2dBVUhFUS1xa2dsYlBDeWZyX3ciLCJleHAiOjE2NTE2MzQ5OTksImFsZyI6IkExMjhHQ01LVyIsIml2IjoiZU9lNFp3b01HYndYUlk0WCJ9.UfXv-P3FyYBYJVgRt33xjQ.tyk5nYXK3bI6W4Zk.1nOEXXakc25VeHxYcNYs72iqWQVebXUM47UJjg0R65zVKU-K_Cu0TNyyzTHakp99EdS-7W6MTabr_oJ9dcnzW2iUQ6yL3yKVfflknPs8UQ0vWGAg1jRNnMVvtIMdN5X0D-DyV2kYHYfhStE9e8AhXVj9GI5UIu0USKUykINPu-dKldc0og5C8kmTPVRhHSgprZRSZI3BhXfFRHMuCHJ6XfNCpHK-XWFyYPFchJo2gHuyobOKIHvb37H5SWxGSDG8U38Lb6nJrGNqkdv_xXDprY7nkjtSuKKprDlMLr1f92DfQbqGa0X4_9pjKVtaeJhd2jVtRRVxlgJSYvSSCQOhZf9G2Q_CCpfg9gP3pAGzf5FXVKBB7buLklppX8xz22UFT8w5G2vPMeQZnro3uYaOeKfjPnuF3vVah6ZgiOP9GvI4RrWmEoFXf5EG19dyC__XxlELhT23sP_gVq1D35UUe9XmL3FTO-dQbjuv186u4n2prJdMdTM4Hukg6dHZT8mr9wOcP7Nk90JaqSxtCZkm4MrREhuiu-4Gv5ybimfSNsWM326BZWqsLmE70ZaALFOtvR3_EehTs-x9g6JHy4pkDG6LoMpP0gDlaDeQJ7SW8YRS43qg-fZmUFdsW1w5d6hZ7EcfInhez77xSgqfA8tSGFnmV0eceBpAcaOt8pq1tH3rCWMn2d7fx_vfH6n8RwmnQixghkGvUJqTfrr8pvECrlywSLW-djbMfGvPIo3EuO0bZxdKglTfzK6NhFVXj3X8Yi8ThxffQXGevst-tRLj36xRggNe09MjbpNYO3sA-4Jt06wECGyz7h_hcok7qMbLxRl0J_uk2fXZLQsad47F3P0wkyAAjHfZffByWyXwdIlDEF2DYldAJWzjUBxvjc0Rx0CQmjWWhWPeZ9cuHzMktuKiG63YnLGazx7K5S1evZ9rFN7_9q_8d_a3_osj.9MD0vM_NPJGGf_ezg1v9Kg",
            "version": 4
          },
          "sensitive_attributes": [],
          "private": "bnVsbA=="
        }
      ]
    },
    {
      "module": "module.parameterstore",
      "mode": "managed",
      "type": "aws_ssm_parameter",
      "name": "Organization",
      "provider": "provider[\"registry.terraform.io/hashicorp/aws\"]",
      "instances": [
        {
          "schema_version": 0,
          "attributes": {
            "allowed_pattern": "",
            "arn": "arn:aws:ssm:ap-south-1:848417356303:parameter/Organization",
            "data_type": "text",
            "description": "",
            "id": "Organization",
            "key_id": "",
            "name": "Organization",
            "overwrite": null,
            "tags": {},
            "tags_all": {},
            "tier": "Standard",
            "type": "String",
            "value": "test-plan-projects",
            "version": 1
          },
          "sensitive_attributes": [],
          "private": "bnVsbA=="
        }
      ]
    },
    {
      "module": "module.parameterstore",
      "mode": "managed",
      "type": "aws_ssm_parameter",
      "name": "sonarToken",
      "provider": "provider[\"registry.terraform.io/hashicorp/aws\"]",
      "instances": [
        {
          "schema_version": 0,
          "attributes": {
            "allowed_pattern": "",
            "arn": "arn:aws:ssm:ap-south-1:848417356303:parameter/LOGIN",
            "data_type": "text",
            "description": "",
            "id": "LOGIN",
            "key_id": "",
            "name": "LOGIN",
            "overwrite": null,
            "tags": {},
            "tags_all": {},
            "tier": "Standard",
            "type": "String",
            "value": "7b7e54ea2534d9991b72647bbde64490013846ea",
            "version": 1
          },
          "sensitive_attributes": [],
          "private": "bnVsbA=="
        }
      ]
    },
    {
      "module": "module.parameterstore",
      "mode": "managed",
      "type": "aws_ssm_parameter",
      "name": "sonarcloudURL",
      "provider": "provider[\"registry.terraform.io/hashicorp/aws\"]",
      "instances": [
        {
          "schema_version": 0,
          "attributes": {
            "allowed_pattern": "",
            "arn": "arn:aws:ssm:ap-south-1:848417356303:parameter/HOST",
            "data_type": "text",
            "description": "",
            "id": "HOST",
            "key_id": "",
            "name": "HOST",
            "overwrite": null,
            "tags": {},
            "tags_all": {},
            "tier": "Standard",
            "type": "String",
            "value": "https://sonarcloud.io/",
            "version": 1
          },
          "sensitive_attributes": [],
          "private": "bnVsbA=="
        }
      ]
    },
    {
      "module": "module.parameterstore",
      "mode": "managed",
      "type": "aws_ssm_parameter",
      "name": "sonarprojectkey",
      "provider": "provider[\"registry.terraform.io/hashicorp/aws\"]",
      "instances": [
        {
          "schema_version": 0,
          "attributes": {
            "allowed_pattern": "",
            "arn": "arn:aws:ssm:ap-south-1:848417356303:parameter/Project",
            "data_type": "text",
            "description": "",
            "id": "Project",
            "key_id": "",
            "name": "Project",
            "overwrite": null,
            "tags": {},
            "tags_all": {},
            "tier": "Standard",
            "type": "String",
            "value": "vprofile-repo-tomcat",
            "version": 1
          },
          "sensitive_attributes": [],
          "private": "bnVsbA=="
        }
      ]
    }
  ]
}
