{
  "version": 4,
  "terraform_version": "0.15.5",
  "serial": 78,
  "lineage": "3ed0a8a1-eb7f-2d0d-01ac-11d723254871",
  "outputs": {},
  "resources": [
    {
      "mode": "data",
      "type": "aws_key_pair",
      "name": "ecs",
      "provider": "provider[\"registry.terraform.io/hashicorp/aws\"]",
      "instances": [
        {
          "schema_version": 0,
          "attributes": {
            "arn": "arn:aws:ec2:ap-south-1:848417356303:key-pair/ecs",
            "filter": null,
            "fingerprint": "1a:dc:de:cf:7f:e0:b1:90:ea:34:c7:38:bf:68:20:e3:79:cd:d6:88",
            "id": "key-054d5c11fe55d1e4f",
            "key_name": "ecs",
            "key_pair_id": "key-054d5c11fe55d1e4f",
            "tags": {}
          },
          "sensitive_attributes": []
        }
      ]
    },
    {
      "mode": "managed",
      "type": "aws_db_instance",
      "name": "default",
      "provider": "provider[\"registry.terraform.io/hashicorp/aws\"]",
      "instances": [
        {
          "schema_version": 1,
          "attributes": {
            "address": "terraform-20220501071257824100000001.cjqajg0dydcu.ap-south-1.rds.amazonaws.com",
            "allocated_storage": 10,
            "allow_major_version_upgrade": null,
            "apply_immediately": null,
            "arn": "arn:aws:rds:ap-south-1:848417356303:db:terraform-20220501071257824100000001",
            "auto_minor_version_upgrade": true,
            "availability_zone": "ap-south-1b",
            "backup_retention_period": 0,
            "backup_window": "17:25-17:55",
            "ca_cert_identifier": "rds-ca-2019",
            "character_set_name": "",
            "copy_tags_to_snapshot": false,
            "customer_owned_ip_enabled": false,
            "db_name": "accounts",
            "db_subnet_group_name": "rds-vprof",
            "delete_automated_backups": true,
            "deletion_protection": true,
            "domain": "",
            "domain_iam_role_name": "",
            "enabled_cloudwatch_logs_exports": [],
            "endpoint": "terraform-20220501071257824100000001.cjqajg0dydcu.ap-south-1.rds.amazonaws.com:3306",
            "engine": "mysql",
            "engine_version": "5.7",
            "engine_version_actual": "5.7.37",
            "final_snapshot_identifier": null,
            "hosted_zone_id": "Z2VFMSZA74J7XZ",
            "iam_database_authentication_enabled": false,
            "id": "terraform-20220501071257824100000001",
            "identifier": "terraform-20220501071257824100000001",
            "identifier_prefix": "terraform-",
            "instance_class": "db.t2.micro",
            "iops": 0,
            "kms_key_id": "",
            "latest_restorable_time": "0001-01-01T00:00:00Z",
            "license_model": "general-public-license",
            "maintenance_window": "mon:12:44-mon:13:14",
            "max_allocated_storage": 0,
            "monitoring_interval": 0,
            "monitoring_role_arn": "",
            "multi_az": false,
            "name": "accounts",
            "nchar_character_set_name": "",
            "option_group_name": "default:mysql-5-7",
            "parameter_group_name": "default.mysql5.7",
            "password": "admin123",
            "performance_insights_enabled": false,
            "performance_insights_kms_key_id": "",
            "performance_insights_retention_period": 0,
            "port": 3306,
            "publicly_accessible": false,
            "replica_mode": "",
            "replicas": [],
            "replicate_source_db": "",
            "resource_id": "db-S52P4PH7NB2XO2MNWX5MXGMW5M",
            "restore_to_point_in_time": [],
            "s3_import": [],
            "security_group_names": [],
            "skip_final_snapshot": true,
            "snapshot_identifier": null,
            "status": "available",
            "storage_encrypted": false,
            "storage_type": "gp2",
            "tags": {},
            "tags_all": {},
            "timeouts": null,
            "timezone": "",
            "username": "admin",
            "vpc_security_group_ids": [
              "sg-0f0103f13fb1650fb"
            ]
          },
          "sensitive_attributes": [],
          "private": "eyJlMmJmYjczMC1lY2FhLTExZTYtOGY4OC0zNDM2M2JjN2M0YzAiOnsiY3JlYXRlIjoyNDAwMDAwMDAwMDAwLCJkZWxldGUiOjM2MDAwMDAwMDAwMDAsInVwZGF0ZSI6NDgwMDAwMDAwMDAwMH0sInNjaGVtYV92ZXJzaW9uIjoiMSJ9",
          "dependencies": [
            "aws_db_subnet_group.rdsInst",
            "aws_security_group.backendSG",
            "aws_security_group.dbInit"
          ]
        }
      ]
    },
    {
      "mode": "managed",
      "type": "aws_db_parameter_group",
      "name": "default",
      "provider": "provider[\"registry.terraform.io/hashicorp/aws\"]",
      "instances": [
        {
          "schema_version": 0,
          "attributes": {
            "arn": "arn:aws:rds:ap-south-1:848417356303:pg:rds-vprof",
            "description": "Managed by Terraform",
            "family": "mysql5.7",
            "id": "rds-vprof",
            "name": "rds-vprof",
            "name_prefix": null,
            "parameter": [
              {
                "apply_method": "immediate",
                "name": "character_set_client",
                "value": "utf8"
              },
              {
                "apply_method": "immediate",
                "name": "character_set_server",
                "value": "utf8"
              }
            ],
            "tags": {},
            "tags_all": {}
          },
          "sensitive_attributes": [],
          "private": "bnVsbA=="
        }
      ]
    },
    {
      "mode": "managed",
      "type": "aws_db_subnet_group",
      "name": "rdsInst",
      "provider": "provider[\"registry.terraform.io/hashicorp/aws\"]",
      "instances": [
        {
          "schema_version": 0,
          "attributes": {
            "arn": "arn:aws:rds:ap-south-1:848417356303:subgrp:rds-vprof",
            "description": "Managed by Terraform",
            "id": "rds-vprof",
            "name": "rds-vprof",
            "name_prefix": null,
            "subnet_ids": [
              "subnet-0ee0ec66",
              "subnet-627b062e"
            ],
            "tags": {
              "Name": "My DB subnet group"
            },
            "tags_all": {
              "Name": "My DB subnet group"
            }
          },
          "sensitive_attributes": [],
          "private": "bnVsbA=="
        }
      ]
    },
    {
      "mode": "managed",
      "type": "aws_elasticache_cluster",
      "name": "vprof",
      "provider": "provider[\"registry.terraform.io/hashicorp/aws\"]",
      "instances": [
        {
          "schema_version": 0,
          "attributes": {
            "apply_immediately": null,
            "arn": "arn:aws:elasticache:ap-south-1:848417356303:cluster:vprof",
            "auto_minor_version_upgrade": "true",
            "availability_zone": "ap-south-1b",
            "az_mode": "single-az",
            "cache_nodes": [
              {
                "address": "vprof.oys0t2.0001.aps1.cache.amazonaws.com",
                "availability_zone": "ap-south-1b",
                "id": "0001",
                "port": 11211
              },
              {
                "address": "vprof.oys0t2.0002.aps1.cache.amazonaws.com",
                "availability_zone": "ap-south-1b",
                "id": "0002",
                "port": 11211
              }
            ],
            "cluster_address": "vprof.oys0t2.cfg.aps1.cache.amazonaws.com",
            "cluster_id": "vprof",
            "configuration_endpoint": "vprof.oys0t2.cfg.aps1.cache.amazonaws.com:11211",
            "engine": "memcached",
            "engine_version": "1.5.10",
            "engine_version_actual": "1.5.10",
            "final_snapshot_identifier": null,
            "id": "vprof",
            "log_delivery_configuration": [],
            "maintenance_window": "thu:20:30-thu:21:30",
            "node_type": "cache.t2.micro",
            "notification_topic_arn": null,
            "num_cache_nodes": 2,
            "parameter_group_name": "default.memcached1.5",
            "port": 11211,
            "preferred_availability_zones": null,
            "replication_group_id": null,
            "security_group_ids": [],
            "security_group_names": [],
            "snapshot_arns": null,
            "snapshot_name": null,
            "snapshot_retention_limit": 0,
            "snapshot_window": "",
            "subnet_group_name": "default",
            "tags": {},
            "tags_all": {}
          },
          "sensitive_attributes": [],
          "private": "bnVsbA=="
        }
      ]
    },
    {
      "mode": "managed",
      "type": "aws_elasticache_subnet_group",
      "name": "vprof",
      "provider": "provider[\"registry.terraform.io/hashicorp/aws\"]",
      "instances": [
        {
          "schema_version": 0,
          "attributes": {
            "arn": "arn:aws:elasticache:ap-south-1:848417356303:subnetgroup:tf-test-cache-subnet",
            "description": "Managed by Terraform",
            "id": "tf-test-cache-subnet",
            "name": "tf-test-cache-subnet",
            "subnet_ids": [
              "subnet-0ee0ec66",
              "subnet-627b062e"
            ],
            "tags": {},
            "tags_all": {}
          },
          "sensitive_attributes": [],
          "private": "bnVsbA=="
        }
      ]
    },
    {
      "mode": "managed",
      "type": "aws_mq_broker",
      "name": "example",
      "provider": "provider[\"registry.terraform.io/hashicorp/aws\"]",
      "instances": [
        {
          "schema_version": 0,
          "attributes": {
            "apply_immediately": false,
            "arn": "arn:aws:mq:ap-south-1:848417356303:broker:example:b-d5c85c69-00d9-439c-8747-8108140300e9",
            "authentication_strategy": "simple",
            "auto_minor_version_upgrade": false,
            "broker_name": "example",
            "configuration": [
              {
                "id": "c-40df0618-5ae5-4e27-a3fe-54dce27404be",
                "revision": 2
              }
            ],
            "deployment_mode": "SINGLE_INSTANCE",
            "encryption_options": [
              {
                "kms_key_id": "",
                "use_aws_owned_key": true
              }
            ],
            "engine_type": "ActiveMQ",
            "engine_version": "5.15.0",
            "host_instance_type": "mq.t2.micro",
            "id": "b-d5c85c69-00d9-439c-8747-8108140300e9",
            "instances": [
              {
                "console_url": "https://b-d5c85c69-00d9-439c-8747-8108140300e9-1.mq.ap-south-1.amazonaws.com:8162",
                "endpoints": [
                  "ssl://b-d5c85c69-00d9-439c-8747-8108140300e9-1.mq.ap-south-1.amazonaws.com:61617",
                  "amqp+ssl://b-d5c85c69-00d9-439c-8747-8108140300e9-1.mq.ap-south-1.amazonaws.com:5671",
                  "stomp+ssl://b-d5c85c69-00d9-439c-8747-8108140300e9-1.mq.ap-south-1.amazonaws.com:61614",
                  "mqtt+ssl://b-d5c85c69-00d9-439c-8747-8108140300e9-1.mq.ap-south-1.amazonaws.com:8883",
                  "wss://b-d5c85c69-00d9-439c-8747-8108140300e9-1.mq.ap-south-1.amazonaws.com:61619"
                ],
                "ip_address": "172.31.32.148"
              }
            ],
            "ldap_server_metadata": [],
            "logs": [
              {
                "audit": "false",
                "general": false
              }
            ],
            "maintenance_window_start_time": [
              {
                "day_of_week": "MONDAY",
                "time_of_day": "21:00",
                "time_zone": "UTC"
              }
            ],
            "publicly_accessible": false,
            "security_groups": [
              "sg-0f0103f13fb1650fb"
            ],
            "storage_type": "efs",
            "subnet_ids": [
              "subnet-0ee0ec66"
            ],
            "tags": {},
            "tags_all": {},
            "user": [
              {
                "console_access": false,
                "groups": [],
                "password": "Blue7890Bunny",
                "username": "rabbit"
              }
            ]
          },
          "sensitive_attributes": [],
          "private": "bnVsbA==",
          "dependencies": [
            "aws_mq_configuration.example",
            "aws_security_group.backendSG",
            "aws_security_group.dbInit"
          ]
        }
      ]
    },
    {
      "mode": "managed",
      "type": "aws_mq_configuration",
      "name": "example",
      "provider": "provider[\"registry.terraform.io/hashicorp/aws\"]",
      "instances": [
        {
          "schema_version": 0,
          "attributes": {
            "arn": "arn:aws:mq:ap-south-1:848417356303:configuration:c-40df0618-5ae5-4e27-a3fe-54dce27404be",
            "authentication_strategy": "simple",
            "data": "\u003c?xml version=\"1.0\" encoding=\"UTF-8\" standalone=\"yes\"?\u003e\n\u003cbroker xmlns=\"http://activemq.apache.org/schema/core\"\u003e\n  \u003cplugins\u003e\n    \u003cforcePersistencyModeBrokerPlugin persistenceFlag=\"true\"/\u003e\n    \u003cstatisticsBrokerPlugin/\u003e\n    \u003ctimeStampingBrokerPlugin ttlCeiling=\"86400000\" zeroExpirationOverride=\"86400000\"/\u003e\n  \u003c/plugins\u003e\n\u003c/broker\u003e\n",
            "description": "Example Configuration",
            "engine_type": "ActiveMQ",
            "engine_version": "5.15.0",
            "id": "c-40df0618-5ae5-4e27-a3fe-54dce27404be",
            "latest_revision": 2,
            "name": "example",
            "tags": {},
            "tags_all": {}
          },
          "sensitive_attributes": [],
          "private": "bnVsbA=="
        }
      ]
    },
    {
      "mode": "managed",
      "type": "aws_security_group",
      "name": "backendSG",
      "provider": "provider[\"registry.terraform.io/hashicorp/aws\"]",
      "instances": [
        {
          "schema_version": 1,
          "attributes": {
            "arn": "arn:aws:ec2:ap-south-1:848417356303:security-group/sg-0f0103f13fb1650fb",
            "description": "Managed by Terraform",
            "egress": [
              {
                "cidr_blocks": [
                  "0.0.0.0/0"
                ],
                "description": "",
                "from_port": 0,
                "ipv6_cidr_blocks": [],
                "prefix_list_ids": [],
                "protocol": "tcp",
                "security_groups": [],
                "self": false,
                "to_port": 0
              }
            ],
            "id": "sg-0f0103f13fb1650fb",
            "ingress": [
              {
                "cidr_blocks": [],
                "description": "",
                "from_port": 0,
                "ipv6_cidr_blocks": [],
                "prefix_list_ids": [],
                "protocol": "tcp",
                "security_groups": [],
                "self": true,
                "to_port": 0
              },
              {
                "cidr_blocks": [],
                "description": "",
                "from_port": 3306,
                "ipv6_cidr_blocks": [],
                "prefix_list_ids": [],
                "protocol": "tcp",
                "security_groups": [
                  "sg-05bcd64a7f427e974"
                ],
                "self": false,
                "to_port": 3306
              }
            ],
            "name": "backend-services",
            "name_prefix": "",
            "owner_id": "848417356303",
            "revoke_rules_on_delete": false,
            "tags": {},
            "tags_all": {},
            "timeouts": null,
            "vpc_id": "vpc-9e47a0f5"
          },
          "sensitive_attributes": [],
          "private": "eyJlMmJmYjczMC1lY2FhLTExZTYtOGY4OC0zNDM2M2JjN2M0YzAiOnsiY3JlYXRlIjo2MDAwMDAwMDAwMDAsImRlbGV0ZSI6OTAwMDAwMDAwMDAwfSwic2NoZW1hX3ZlcnNpb24iOiIxIn0=",
          "dependencies": [
            "aws_security_group.dbInit"
          ]
        }
      ]
    },
    {
      "mode": "managed",
      "type": "aws_security_group",
      "name": "dbInit",
      "provider": "provider[\"registry.terraform.io/hashicorp/aws\"]",
      "instances": [
        {
          "schema_version": 1,
          "attributes": {
            "arn": "arn:aws:ec2:ap-south-1:848417356303:security-group/sg-05bcd64a7f427e974",
            "description": "db-init",
            "egress": [
              {
                "cidr_blocks": [
                  "0.0.0.0/0"
                ],
                "description": "",
                "from_port": 0,
                "ipv6_cidr_blocks": [],
                "prefix_list_ids": [],
                "protocol": "-1",
                "security_groups": [],
                "self": false,
                "to_port": 0
              }
            ],
            "id": "sg-05bcd64a7f427e974",
            "ingress": [
              {
                "cidr_blocks": [
                  "0.0.0.0/0"
                ],
                "description": "",
                "from_port": 22,
                "ipv6_cidr_blocks": [],
                "prefix_list_ids": [],
                "protocol": "tcp",
                "security_groups": [],
                "self": false,
                "to_port": 22
              },
              {
                "cidr_blocks": [
                  "0.0.0.0/0"
                ],
                "description": "",
                "from_port": 80,
                "ipv6_cidr_blocks": [],
                "prefix_list_ids": [],
                "protocol": "tcp",
                "security_groups": [],
                "self": false,
                "to_port": 80
              }
            ],
            "name": "db-init",
            "name_prefix": "",
            "owner_id": "848417356303",
            "revoke_rules_on_delete": false,
            "tags": {},
            "tags_all": {},
            "timeouts": null,
            "vpc_id": "vpc-9e47a0f5"
          },
          "sensitive_attributes": [],
          "private": "eyJlMmJmYjczMC1lY2FhLTExZTYtOGY4OC0zNDM2M2JjN2M0YzAiOnsiY3JlYXRlIjo2MDAwMDAwMDAwMDAsImRlbGV0ZSI6OTAwMDAwMDAwMDAwfSwic2NoZW1hX3ZlcnNpb24iOiIxIn0="
        }
      ]
    }
  ]
}
